<?xml version="1.0" encoding="utf-8"?>
<Project ToolsVersion="17.0" xmlns="http://schemas.microsoft.com/developer/msbuild/2003">
  <ItemGroup>
    <CustomBuild Include="C:\Users\andra\source\repos\ProjectOpenGL\CMakeFiles\be33bd934faee82cfb1585fcd5d63f7f\generate.stamp.rule">
      <Filter>CMake Rules</Filter>
    </CustomBuild>
  </ItemGroup>
  <ItemGroup>
    <Filter Include="CMake Rules">
      <UniqueIdentifier>{5AAA0BFF-847A-3AE7-B90D-AC04E4DB5397}</UniqueIdentifier>
    </Filter>
  </ItemGroup>
</Project>
